
Microsoft Visual Studio Solution File, Format Version 12.00
# Visual Studio Version 16
VisualStudioVersion = 16.0.29418.71
MinimumVisualStudioVersion = 10.0.40219.1
Project("{FAE04EC0-301F-11D3-BF4B-00C04F79EFBC}") = "HyperliApp.Android", "HyperliApp\HyperliApp.Android\HyperliApp.Android.csproj", "{9B688D00-B805-4069-AEE4-CE8A3A01AB64}"
EndProject
Project("{FAE04EC0-301F-11D3-BF4B-00C04F79EFBC}") = "HyperliApp.iOS", "HyperliApp\HyperliApp.iOS\HyperliApp.iOS.csproj", "{AA42FA70-BF5A-44B5-B3F2-2A6E78F42E1A}"
EndProject
Project("{FAE04EC0-301F-11D3-BF4B-00C04F79EFBC}") = "HyperliApp", "HyperliApp\HyperliApp\HyperliApp.csproj", "{4A230274-9FDA-44FA-9C2B-FD27D11E7EAF}"
EndProject
Global
	GlobalSection(SolutionConfigurationPlatforms) = preSolution
		Debug|Any CPU = Debug|Any CPU
		Debug|iPhone = Debug|iPhone
		Debug|iPhoneSimulator = Debug|iPhoneSimulator
		Release|Any CPU = Release|Any CPU
		Release|iPhone = Release|iPhone
		Release|iPhoneSimulator = Release|iPhoneSimulator
	EndGlobalSection
	GlobalSection(ProjectConfigurationPlatforms) = postSolution
		{9B688D00-B805-4069-AEE4-CE8A3A01AB64}.Debug|Any CPU.ActiveCfg = Debug|Any CPU
		{9B688D00-B805-4069-AEE4-CE8A3A01AB64}.Debug|Any CPU.Build.0 = Debug|Any CPU
		{9B688D00-B805-4069-AEE4-CE8A3A01AB64}.Debug|Any CPU.Deploy.0 = Debug|Any CPU
		{9B688D00-B805-4069-AEE4-CE8A3A01AB64}.Debug|iPhone.ActiveCfg = Debug|Any CPU
		{9B688D00-B805-4069-AEE4-CE8A3A01AB64}.Debug|iPhone.Build.0 = Debug|Any CPU
		{9B688D00-B805-4069-AEE4-CE8A3A01AB64}.Debug|iPhone.Deploy.0 = Debug|Any CPU
		{9B688D00-B805-4069-AEE4-CE8A3A01AB64}.Debug|iPhoneSimulator.ActiveCfg = Debug|Any CPU
		{9B688D00-B805-4069-AEE4-CE8A3A01AB64}.Debug|iPhoneSimulator.Build.0 = Debug|Any CPU
		{9B688D00-B805-4069-AEE4-CE8A3A01AB64}.Debug|iPhoneSimulator.Deploy.0 = Debug|Any CPU
		{9B688D00-B805-4069-AEE4-CE8A3A01AB64}.Release|Any CPU.ActiveCfg = Release|Any CPU
		{9B688D00-B805-4069-AEE4-CE8A3A01AB64}.Release|Any CPU.Build.0 = Release|Any CPU
		{9B688D00-B805-4069-AEE4-CE8A3A01AB64}.Release|Any CPU.Deploy.0 = Release|Any CPU
		{9B688D00-B805-4069-AEE4-CE8A3A01AB64}.Release|iPhone.ActiveCfg = Release|Any CPU
		{9B688D00-B805-4069-AEE4-CE8A3A01AB64}.Release|iPhone.Build.0 = Release|Any CPU
		{9B688D00-B805-4069-AEE4-CE8A3A01AB64}.Release|iPhone.Deploy.0 = Release|Any CPU
		{9B688D00-B805-4069-AEE4-CE8A3A01AB64}.Release|iPhoneSimulator.ActiveCfg = Release|Any CPU
		{9B688D00-B805-4069-AEE4-CE8A3A01AB64}.Release|iPhoneSimulator.Build.0 = Release|Any CPU
		{9B688D00-B805-4069-AEE4-CE8A3A01AB64}.Release|iPhoneSimulator.Deploy.0 = Release|Any CPU
		{AA42FA70-BF5A-44B5-B3F2-2A6E78F42E1A}.Debug|Any CPU.ActiveCfg = Debug|iPhoneSimulator
		{AA42FA70-BF5A-44B5-B3F2-2A6E78F42E1A}.Debug|Any CPU.Build.0 = Debug|iPhoneSimulator
		{AA42FA70-BF5A-44B5-B3F2-2A6E78F42E1A}.Debug|Any CPU.Deploy.0 = Debug|iPhoneSimulator
		{AA42FA70-BF5A-44B5-B3F2-2A6E78F42E1A}.Debug|iPhone.ActiveCfg = Debug|iPhone
		{AA42FA70-BF5A-44B5-B3F2-2A6E78F42E1A}.Debug|iPhone.Build.0 = Debug|iPhone
		{AA42FA70-BF5A-44B5-B3F2-2A6E78F42E1A}.Debug|iPhone.Deploy.0 = Debug|iPhone
		{AA42FA70-BF5A-44B5-B3F2-2A6E78F42E1A}.Debug|iPhoneSimulator.ActiveCfg = Debug|iPhoneSimulator
		{AA42FA70-BF5A-44B5-B3F2-2A6E78F42E1A}.Debug|iPhoneSimulator.Build.0 = Debug|iPhoneSimulator
		{AA42FA70-BF5A-44B5-B3F2-2A6E78F42E1A}.Debug|iPhoneSimulator.Deploy.0 = Debug|iPhoneSimulator
		{AA42FA70-BF5A-44B5-B3F2-2A6E78F42E1A}.Release|Any CPU.ActiveCfg = Release|iPhone
		{AA42FA70-BF5A-44B5-B3F2-2A6E78F42E1A}.Release|Any CPU.Build.0 = Release|iPhone
		{AA42FA70-BF5A-44B5-B3F2-2A6E78F42E1A}.Release|Any CPU.Deploy.0 = Release|iPhone
		{AA42FA70-BF5A-44B5-B3F2-2A6E78F42E1A}.Release|iPhone.ActiveCfg = Release|iPhone
		{AA42FA70-BF5A-44B5-B3F2-2A6E78F42E1A}.Release|iPhone.Build.0 = Release|iPhone
		{AA42FA70-BF5A-44B5-B3F2-2A6E78F42E1A}.Release|iPhone.Deploy.0 = Release|iPhone
		{AA42FA70-BF5A-44B5-B3F2-2A6E78F42E1A}.Release|iPhoneSimulator.ActiveCfg = Release|iPhoneSimulator
		{AA42FA70-BF5A-44B5-B3F2-2A6E78F42E1A}.Release|iPhoneSimulator.Build.0 = Release|iPhoneSimulator
		{AA42FA70-BF5A-44B5-B3F2-2A6E78F42E1A}.Release|iPhoneSimulator.Deploy.0 = Release|iPhoneSimulator
		{4A230274-9FDA-44FA-9C2B-FD27D11E7EAF}.Debug|Any CPU.ActiveCfg = Debug|Any CPU
		{4A230274-9FDA-44FA-9C2B-FD27D11E7EAF}.Debug|Any CPU.Build.0 = Debug|Any CPU
		{4A230274-9FDA-44FA-9C2B-FD27D11E7EAF}.Debug|Any CPU.Deploy.0 = Debug|Any CPU
		{4A230274-9FDA-44FA-9C2B-FD27D11E7EAF}.Debug|iPhone.ActiveCfg = Debug|Any CPU
		{4A230274-9FDA-44FA-9C2B-FD27D11E7EAF}.Debug|iPhone.Build.0 = Debug|Any CPU
		{4A230274-9FDA-44FA-9C2B-FD27D11E7EAF}.Debug|iPhone.Deploy.0 = Debug|Any CPU
		{4A230274-9FDA-44FA-9C2B-FD27D11E7EAF}.Debug|iPhoneSimulator.ActiveCfg = Debug|Any CPU
		{4A230274-9FDA-44FA-9C2B-FD27D11E7EAF}.Debug|iPhoneSimulator.Build.0 = Debug|Any CPU
		{4A230274-9FDA-44FA-9C2B-FD27D11E7EAF}.Debug|iPhoneSimulator.Deploy.0 = Debug|Any CPU
		{4A230274-9FDA-44FA-9C2B-FD27D11E7EAF}.Release|Any CPU.ActiveCfg = Release|Any CPU
		{4A230274-9FDA-44FA-9C2B-FD27D11E7EAF}.Release|Any CPU.Build.0 = Release|Any CPU
		{4A230274-9FDA-44FA-9C2B-FD27D11E7EAF}.Release|Any CPU.Deploy.0 = Release|Any CPU
		{4A230274-9FDA-44FA-9C2B-FD27D11E7EAF}.Release|iPhone.ActiveCfg = Release|Any CPU
		{4A230274-9FDA-44FA-9C2B-FD27D11E7EAF}.Release|iPhone.Build.0 = Release|Any CPU
		{4A230274-9FDA-44FA-9C2B-FD27D11E7EAF}.Release|iPhone.Deploy.0 = Release|Any CPU
		{4A230274-9FDA-44FA-9C2B-FD27D11E7EAF}.Release|iPhoneSimulator.ActiveCfg = Release|Any CPU
		{4A230274-9FDA-44FA-9C2B-FD27D11E7EAF}.Release|iPhoneSimulator.Build.0 = Release|Any CPU
		{4A230274-9FDA-44FA-9C2B-FD27D11E7EAF}.Release|iPhoneSimulator.Deploy.0 = Release|Any CPU
	EndGlobalSection
	GlobalSection(SolutionProperties) = preSolution
		HideSolutionNode = FALSE
	EndGlobalSection
	GlobalSection(ExtensibilityGlobals) = postSolution
		SolutionGuid = {1E144F65-ED29-4820-AC8E-F560BD6705F4}
	EndGlobalSection
EndGlobal
